
Microsoft Visual Studio Solution File, Format Version 12.00
# Visual Studio Version 17
VisualStudioVersion = 17.0.31612.314
MinimumVisualStudioVersion = 10.0.40219.1
Project("{9A19103F-16F7-4668-BE54-9A1E7A4F7556}") = "ZoDream.RegexTool", "ZoDream.RegexTool\ZoDream.RegexTool.csproj", "{5FE447A7-EEF9-4310-9F64-23717ECE082C}"
EndProject
Project("{9A19103F-16F7-4668-BE54-9A1E7A4F7556}") = "ZoDream.Shared", "ZoDream.Shared\ZoDream.Shared.csproj", "{F33735A9-CE02-4DCE-A32A-4F2C7BE3C8CD}"
EndProject
Project("{9A19103F-16F7-4668-BE54-9A1E7A4F7556}") = "ZoDream.Tests", "ZoDream.Tests\ZoDream.Tests.csproj", "{C76A92B0-2519-4958-B81A-9EC847098572}"
EndProject
Project("{FAE04EC0-301F-11D3-BF4B-00C04F79EFBC}") = "ZoDream.RegexTool", "ZoDream.RegexTool.UWP\ZoDream.RegexTool.csproj", "{5025B57A-F67B-442B-A92C-13C3281BB7A0}"
EndProject
Project("{2150E333-8FDC-42A3-9474-1A3956D46DE8}") = "UWP", "UWP", "{FE6E68FA-9E0E-4FC5-93F9-C2A90DFF9C6B}"
EndProject
Global
	GlobalSection(SolutionConfigurationPlatforms) = preSolution
		Debug|Any CPU = Debug|Any CPU
		Debug|ARM = Debug|ARM
		Debug|ARM64 = Debug|ARM64
		Debug|x64 = Debug|x64
		Debug|x86 = Debug|x86
		Release|Any CPU = Release|Any CPU
		Release|ARM = Release|ARM
		Release|ARM64 = Release|ARM64
		Release|x64 = Release|x64
		Release|x86 = Release|x86
	EndGlobalSection
	GlobalSection(ProjectConfigurationPlatforms) = postSolution
		{5FE447A7-EEF9-4310-9F64-23717ECE082C}.Debug|Any CPU.ActiveCfg = Debug|Any CPU
		{5FE447A7-EEF9-4310-9F64-23717ECE082C}.Debug|Any CPU.Build.0 = Debug|Any CPU
		{5FE447A7-EEF9-4310-9F64-23717ECE082C}.Debug|ARM.ActiveCfg = Debug|Any CPU
		{5FE447A7-EEF9-4310-9F64-23717ECE082C}.Debug|ARM.Build.0 = Debug|Any CPU
		{5FE447A7-EEF9-4310-9F64-23717ECE082C}.Debug|ARM64.ActiveCfg = Debug|Any CPU
		{5FE447A7-EEF9-4310-9F64-23717ECE082C}.Debug|ARM64.Build.0 = Debug|Any CPU
		{5FE447A7-EEF9-4310-9F64-23717ECE082C}.Debug|x64.ActiveCfg = Debug|Any CPU
		{5FE447A7-EEF9-4310-9F64-23717ECE082C}.Debug|x64.Build.0 = Debug|Any CPU
		{5FE447A7-EEF9-4310-9F64-23717ECE082C}.Debug|x86.ActiveCfg = Debug|Any CPU
		{5FE447A7-EEF9-4310-9F64-23717ECE082C}.Debug|x86.Build.0 = Debug|Any CPU
		{5FE447A7-EEF9-4310-9F64-23717ECE082C}.Release|Any CPU.ActiveCfg = Release|Any CPU
		{5FE447A7-EEF9-4310-9F64-23717ECE082C}.Release|Any CPU.Build.0 = Release|Any CPU
		{5FE447A7-EEF9-4310-9F64-23717ECE082C}.Release|ARM.ActiveCfg = Release|Any CPU
		{5FE447A7-EEF9-4310-9F64-23717ECE082C}.Release|ARM.Build.0 = Release|Any CPU
		{5FE447A7-EEF9-4310-9F64-23717ECE082C}.Release|ARM64.ActiveCfg = Release|Any CPU
		{5FE447A7-EEF9-4310-9F64-23717ECE082C}.Release|ARM64.Build.0 = Release|Any CPU
		{5FE447A7-EEF9-4310-9F64-23717ECE082C}.Release|x64.ActiveCfg = Release|Any CPU
		{5FE447A7-EEF9-4310-9F64-23717ECE082C}.Release|x64.Build.0 = Release|Any CPU
		{5FE447A7-EEF9-4310-9F64-23717ECE082C}.Release|x86.ActiveCfg = Release|Any CPU
		{5FE447A7-EEF9-4310-9F64-23717ECE082C}.Release|x86.Build.0 = Release|Any CPU
		{F33735A9-CE02-4DCE-A32A-4F2C7BE3C8CD}.Debug|Any CPU.ActiveCfg = Debug|Any CPU
		{F33735A9-CE02-4DCE-A32A-4F2C7BE3C8CD}.Debug|Any CPU.Build.0 = Debug|Any CPU
		{F33735A9-CE02-4DCE-A32A-4F2C7BE3C8CD}.Debug|ARM.ActiveCfg = Debug|Any CPU
		{F33735A9-CE02-4DCE-A32A-4F2C7BE3C8CD}.Debug|ARM.Build.0 = Debug|Any CPU
		{F33735A9-CE02-4DCE-A32A-4F2C7BE3C8CD}.Debug|ARM64.ActiveCfg = Debug|Any CPU
		{F33735A9-CE02-4DCE-A32A-4F2C7BE3C8CD}.Debug|ARM64.Build.0 = Debug|Any CPU
		{F33735A9-CE02-4DCE-A32A-4F2C7BE3C8CD}.Debug|x64.ActiveCfg = Debug|Any CPU
		{F33735A9-CE02-4DCE-A32A-4F2C7BE3C8CD}.Debug|x64.Build.0 = Debug|Any CPU
		{F33735A9-CE02-4DCE-A32A-4F2C7BE3C8CD}.Debug|x86.ActiveCfg = Debug|Any CPU
		{F33735A9-CE02-4DCE-A32A-4F2C7BE3C8CD}.Debug|x86.Build.0 = Debug|Any CPU
		{F33735A9-CE02-4DCE-A32A-4F2C7BE3C8CD}.Release|Any CPU.ActiveCfg = Release|Any CPU
		{F33735A9-CE02-4DCE-A32A-4F2C7BE3C8CD}.Release|Any CPU.Build.0 = Release|Any CPU
		{F33735A9-CE02-4DCE-A32A-4F2C7BE3C8CD}.Release|ARM.ActiveCfg = Release|Any CPU
		{F33735A9-CE02-4DCE-A32A-4F2C7BE3C8CD}.Release|ARM.Build.0 = Release|Any CPU
		{F33735A9-CE02-4DCE-A32A-4F2C7BE3C8CD}.Release|ARM64.ActiveCfg = Release|Any CPU
		{F33735A9-CE02-4DCE-A32A-4F2C7BE3C8CD}.Release|ARM64.Build.0 = Release|Any CPU
		{F33735A9-CE02-4DCE-A32A-4F2C7BE3C8CD}.Release|x64.ActiveCfg = Release|Any CPU
		{F33735A9-CE02-4DCE-A32A-4F2C7BE3C8CD}.Release|x64.Build.0 = Release|Any CPU
		{F33735A9-CE02-4DCE-A32A-4F2C7BE3C8CD}.Release|x86.ActiveCfg = Release|Any CPU
		{F33735A9-CE02-4DCE-A32A-4F2C7BE3C8CD}.Release|x86.Build.0 = Release|Any CPU
		{C76A92B0-2519-4958-B81A-9EC847098572}.Debug|Any CPU.ActiveCfg = Debug|Any CPU
		{C76A92B0-2519-4958-B81A-9EC847098572}.Debug|Any CPU.Build.0 = Debug|Any CPU
		{C76A92B0-2519-4958-B81A-9EC847098572}.Debug|ARM.ActiveCfg = Debug|Any CPU
		{C76A92B0-2519-4958-B81A-9EC847098572}.Debug|ARM.Build.0 = Debug|Any CPU
		{C76A92B0-2519-4958-B81A-9EC847098572}.Debug|ARM64.ActiveCfg = Debug|Any CPU
		{C76A92B0-2519-4958-B81A-9EC847098572}.Debug|ARM64.Build.0 = Debug|Any CPU
		{C76A92B0-2519-4958-B81A-9EC847098572}.Debug|x64.ActiveCfg = Debug|Any CPU
		{C76A92B0-2519-4958-B81A-9EC847098572}.Debug|x64.Build.0 = Debug|Any CPU
		{C76A92B0-2519-4958-B81A-9EC847098572}.Debug|x86.ActiveCfg = Debug|Any CPU
		{C76A92B0-2519-4958-B81A-9EC847098572}.Debug|x86.Build.0 = Debug|Any CPU
		{C76A92B0-2519-4958-B81A-9EC847098572}.Release|Any CPU.ActiveCfg = Release|Any CPU
		{C76A92B0-2519-4958-B81A-9EC847098572}.Release|Any CPU.Build.0 = Release|Any CPU
		{C76A92B0-2519-4958-B81A-9EC847098572}.Release|ARM.ActiveCfg = Release|Any CPU
		{C76A92B0-2519-4958-B81A-9EC847098572}.Release|ARM.Build.0 = Release|Any CPU
		{C76A92B0-2519-4958-B81A-9EC847098572}.Release|ARM64.ActiveCfg = Release|Any CPU
		{C76A92B0-2519-4958-B81A-9EC847098572}.Release|ARM64.Build.0 = Release|Any CPU
		{C76A92B0-2519-4958-B81A-9EC847098572}.Release|x64.ActiveCfg = Release|Any CPU
		{C76A92B0-2519-4958-B81A-9EC847098572}.Release|x64.Build.0 = Release|Any CPU
		{C76A92B0-2519-4958-B81A-9EC847098572}.Release|x86.ActiveCfg = Release|Any CPU
		{C76A92B0-2519-4958-B81A-9EC847098572}.Release|x86.Build.0 = Release|Any CPU
		{5025B57A-F67B-442B-A92C-13C3281BB7A0}.Debug|Any CPU.ActiveCfg = Debug|x86
		{5025B57A-F67B-442B-A92C-13C3281BB7A0}.Debug|ARM.ActiveCfg = Debug|ARM
		{5025B57A-F67B-442B-A92C-13C3281BB7A0}.Debug|ARM.Build.0 = Debug|ARM
		{5025B57A-F67B-442B-A92C-13C3281BB7A0}.Debug|ARM.Deploy.0 = Debug|ARM
		{5025B57A-F67B-442B-A92C-13C3281BB7A0}.Debug|ARM64.ActiveCfg = Debug|ARM64
		{5025B57A-F67B-442B-A92C-13C3281BB7A0}.Debug|ARM64.Build.0 = Debug|ARM64
		{5025B57A-F67B-442B-A92C-13C3281BB7A0}.Debug|ARM64.Deploy.0 = Debug|ARM64
		{5025B57A-F67B-442B-A92C-13C3281BB7A0}.Debug|x64.ActiveCfg = Debug|x64
		{5025B57A-F67B-442B-A92C-13C3281BB7A0}.Debug|x64.Build.0 = Debug|x64
		{5025B57A-F67B-442B-A92C-13C3281BB7A0}.Debug|x64.Deploy.0 = Debug|x64
		{5025B57A-F67B-442B-A92C-13C3281BB7A0}.Debug|x86.ActiveCfg = Debug|x86
		{5025B57A-F67B-442B-A92C-13C3281BB7A0}.Debug|x86.Build.0 = Debug|x86
		{5025B57A-F67B-442B-A92C-13C3281BB7A0}.Debug|x86.Deploy.0 = Debug|x86
		{5025B57A-F67B-442B-A92C-13C3281BB7A0}.Release|Any CPU.ActiveCfg = Release|x86
		{5025B57A-F67B-442B-A92C-13C3281BB7A0}.Release|ARM.ActiveCfg = Release|ARM
		{5025B57A-F67B-442B-A92C-13C3281BB7A0}.Release|ARM.Build.0 = Release|ARM
		{5025B57A-F67B-442B-A92C-13C3281BB7A0}.Release|ARM.Deploy.0 = Release|ARM
		{5025B57A-F67B-442B-A92C-13C3281BB7A0}.Release|ARM64.ActiveCfg = Release|ARM64
		{5025B57A-F67B-442B-A92C-13C3281BB7A0}.Release|ARM64.Build.0 = Release|ARM64
		{5025B57A-F67B-442B-A92C-13C3281BB7A0}.Release|ARM64.Deploy.0 = Release|ARM64
		{5025B57A-F67B-442B-A92C-13C3281BB7A0}.Release|x64.ActiveCfg = Release|x64
		{5025B57A-F67B-442B-A92C-13C3281BB7A0}.Release|x64.Build.0 = Release|x64
		{5025B57A-F67B-442B-A92C-13C3281BB7A0}.Release|x64.Deploy.0 = Release|x64
		{5025B57A-F67B-442B-A92C-13C3281BB7A0}.Release|x86.ActiveCfg = Release|x86
		{5025B57A-F67B-442B-A92C-13C3281BB7A0}.Release|x86.Build.0 = Release|x86
		{5025B57A-F67B-442B-A92C-13C3281BB7A0}.Release|x86.Deploy.0 = Release|x86
	EndGlobalSection
	GlobalSection(SolutionProperties) = preSolution
		HideSolutionNode = FALSE
	EndGlobalSection
	GlobalSection(NestedProjects) = preSolution
		{5025B57A-F67B-442B-A92C-13C3281BB7A0} = {FE6E68FA-9E0E-4FC5-93F9-C2A90DFF9C6B}
	EndGlobalSection
	GlobalSection(ExtensibilityGlobals) = postSolution
		SolutionGuid = {F4AD79A0-8945-4E65-BB1E-158FC7F543B8}
	EndGlobalSection
EndGlobal
